schema: '2.0'
stages:
  process_data:
    cmd: python src/process.py
    deps:
    - path: config/main.yaml
      md5: 8567ead63fb45d43af51b45a787b1733
      size: 554
    - path: config/process
      md5: 091afbd0dd73c1b36a4614ce44f38951.dir
      size: 177
      nfiles: 1
    - path: data/raw
      md5: 58c5730b2d3902c2fd3c1d96fb6b8098.dir
      size: 75334581
      nfiles: 232
    - path: src/process.py
      md5: 7d92505485d861f4d4d9fe913172c7f7
      size: 592
    outs:
    - path: data/processed
      md5: 7dd587984f425b7d19489d95b73b5a3c.dir
      size: 33175254
      nfiles: 3
  train_model:
    cmd: python src/train_model.py
    deps:
    - path: config/main.yaml
      md5: 8567ead63fb45d43af51b45a787b1733
      size: 554
    - path: config/model
      md5: a992aaa1d2642daaca505aa5a4ffa70d.dir
      size: 610
      nfiles: 2
    - path: data/processed
      md5: 7dd587984f425b7d19489d95b73b5a3c.dir
      size: 33175254
      nfiles: 3
    - path: src/train_model.py
      md5: f84241615b32150b4db400c730516e81
      size: 5284
    outs:
    - path: data/final
      md5: d751713988987e9331980363e24189ce.dir
      size: 0
      nfiles: 0
    - path: models
      md5: 5ac1af603b17eeee8e6441a70b54b321.dir
      size: 1695
      nfiles: 1
