schema: '2.0'
stages:
  process_data:
    cmd: python src/process.py
    deps:
    - path: config/main.yaml
      md5: e6797f89a95c16eb991093c8b929c631
      size: 554
    - path: config/process
      md5: 091afbd0dd73c1b36a4614ce44f38951.dir
      size: 177
      nfiles: 1
    - path: data/raw
      md5: d2ec40ca9d73e7f5810630f078dc1ac0.dir
      size: 44049799
      nfiles: 232
    - path: src/process.py
      md5: 47706447ab562ae70d8a591fee4507d4
      size: 599
    outs:
    - path: data/processed
      md5: 5b07d3cdfb0df6e195e2231faada33b9.dir
      size: 30246988
      nfiles: 3
  train_model:
    cmd: python src/train_model.py
    deps:
    - path: config/main.yaml
      md5: e6797f89a95c16eb991093c8b929c631
      size: 554
    - path: config/model
      md5: 8a4551ca9bd9ab6dc78a8dfc6b43ba11.dir
      size: 12
      nfiles: 1
    - path: data/processed
      md5: 10e46ced126754b0dc991087d1fdabad.dir
      size: 32089600
      nfiles: 3
    - path: src/train_model.py
      md5: 62ccdea82d83f4885e1502d50d9dc87c
      size: 1317
    outs:
    - path: data/final
      md5: d751713988987e9331980363e24189ce.dir
      size: 0
      nfiles: 0
    - path: models
      md5: 6ffbaaad7b4ac6e1afabed19a80b2560.dir
      size: 0
      nfiles: 1
